// !$*UTF8*$!
{
	archiveVersion = 1;
	classes = {
	};
	objectVersion = 50;
	objects = {

/* Begin PBXBuildFile section */
		042284CD22E0612500F7D926 /* AppDelegate.swift in Sources */ = {isa = PBXBuildFile; fileRef = 042284CC22E0612500F7D926 /* AppDelegate.swift */; };
		042284CF22E0612500F7D926 /* ViewController.swift in Sources */ = {isa = PBXBuildFile; fileRef = 042284CE22E0612500F7D926 /* ViewController.swift */; };
		042284D222E0612500F7D926 /* Main.storyboard in Resources */ = {isa = PBXBuildFile; fileRef = 042284D022E0612500F7D926 /* Main.storyboard */; };
		042284D422E0612700F7D926 /* Assets.xcassets in Resources */ = {isa = PBXBuildFile; fileRef = 042284D322E0612700F7D926 /* Assets.xcassets */; };
		042284D722E0612700F7D926 /* LaunchScreen.storyboard in Resources */ = {isa = PBXBuildFile; fileRef = 042284D522E0612700F7D926 /* LaunchScreen.storyboard */; };
		042284DF22E0619200F7D926 /* GoogleService-Info.plist in Resources */ = {isa = PBXBuildFile; fileRef = 042284DE22E0619200F7D926 /* GoogleService-Info.plist */; };
		04C406CF22E072BC006574F2 /* VCLogin.swift in Sources */ = {isa = PBXBuildFile; fileRef = 04C406CE22E072BC006574F2 /* VCLogin.swift */; };
		04C406D122E072F1006574F2 /* ChatObj.swift in Sources */ = {isa = PBXBuildFile; fileRef = 04C406D022E072F1006574F2 /* ChatObj.swift */; };
		04C406D322E07329006574F2 /* ChatCell.swift in Sources */ = {isa = PBXBuildFile; fileRef = 04C406D222E07329006574F2 /* ChatCell.swift */; };
		689C468567B35F06F5A23612 /* Pods_ChatApp.framework in Frameworks */ = {isa = PBXBuildFile; fileRef = 5C1FBA30C83B9A6B81AA2F98 /* Pods_ChatApp.framework */; };
/* End PBXBuildFile section */

/* Begin PBXFileReference section */
		042284C922E0612500F7D926 /* ChatApp.app */ = {isa = PBXFileReference; explicitFileType = wrapper.application; includeInIndex = 0; path = ChatApp.app; sourceTree = BUILT_PRODUCTS_DIR; };
		042284CC22E0612500F7D926 /* AppDelegate.swift */ = {isa = PBXFileReference; lastKnownFileType = sourcecode.swift; path = AppDelegate.swift; sourceTree = "<group>"; };
		042284CE22E0612500F7D926 /* ViewController.swift */ = {isa = PBXFileReference; lastKnownFileType = sourcecode.swift; path = ViewController.swift; sourceTree = "<group>"; };
		042284D122E0612500F7D926 /* Base */ = {isa = PBXFileReference; lastKnownFileType = file.storyboard; name = Base; path = Base.lproj/Main.storyboard; sourceTree = "<group>"; };
		042284D322E0612700F7D926 /* Assets.xcassets */ = {isa = PBXFileReference; lastKnownFileType = folder.assetcatalog; path = Assets.xcassets; sourceTree = "<group>"; };
		042284D622E0612700F7D926 /* Base */ = {isa = PBXFileReference; lastKnownFileType = file.storyboard; name = Base; path = Base.lproj/LaunchScreen.storyboard; sourceTree = "<group>"; };
		042284D822E0612700F7D926 /* Info.plist */ = {isa = PBXFileReference; lastKnownFileType = text.plist.xml; path = Info.plist; sourceTree = "<group>"; };
		042284DE22E0619200F7D926 /* GoogleService-Info.plist */ = {isa = PBXFileReference; fileEncoding = 4; lastKnownFileType = text.plist.xml; path = "GoogleService-Info.plist"; sourceTree = "<group>"; };
		04C406CE22E072BC006574F2 /* VCLogin.swift */ = {isa = PBXFileReference; lastKnownFileType = sourcecode.swift; path = VCLogin.swift; sourceTree = "<group>"; };
		04C406D022E072F1006574F2 /* ChatObj.swift */ = {isa = PBXFileReference; lastKnownFileType = sourcecode.swift; path = ChatObj.swift; sourceTree = "<group>"; };
		04C406D222E07329006574F2 /* ChatCell.swift */ = {isa = PBXFileReference; lastKnownFileType = sourcecode.swift; path = ChatCell.swift; sourceTree = "<group>"; };
		5C1FBA30C83B9A6B81AA2F98 /* Pods_ChatApp.framework */ = {isa = PBXFileReference; explicitFileType = wrapper.framework; includeInIndex = 0; path = Pods_ChatApp.framework; sourceTree = BUILT_PRODUCTS_DIR; };
		5D9D97FDCFA66BB4DFFA2FD2 /* Pods-ChatApp.debug.xcconfig */ = {isa = PBXFileReference; includeInIndex = 1; lastKnownFileType = text.xcconfig; name = "Pods-ChatApp.debug.xcconfig"; path = "Target Support Files/Pods-ChatApp/Pods-ChatApp.debug.xcconfig"; sourceTree = "<group>"; };
		73D551DA74E6C7C07FDB45AE /* Pods-ChatApp.release.xcconfig */ = {isa = PBXFileReference; includeInIndex = 1; lastKnownFileType = text.xcconfig; name = "Pods-ChatApp.release.xcconfig"; path = "Target Support Files/Pods-ChatApp/Pods-ChatApp.release.xcconfig"; sourceTree = "<group>"; };
/* End PBXFileReference section */

/* Begin PBXFrameworksBuildPhase section */
		042284C622E0612500F7D926 /* Frameworks */ = {
			isa = PBXFrameworksBuildPhase;
			buildActionMask = 2147483647;
			files = (
				689C468567B35F06F5A23612 /* Pods_ChatApp.framework in Frameworks */,
			);
			runOnlyForDeploymentPostprocessing = 0;
		};
/* End PBXFrameworksBuildPhase section */

/* Begin PBXGroup section */
		042284C022E0612500F7D926 = {
			isa = PBXGroup;
			children = (
				042284CB22E0612500F7D926 /* ChatApp */,
				042284DE22E0619200F7D926 /* GoogleService-Info.plist */,
				042284CA22E0612500F7D926 /* Products */,
				AD5D3E813D2DF79108F39E0E /* Pods */,
				71C2B9F37B42307731146F46 /* Frameworks */,
			);
			sourceTree = "<group>";
		};
		042284CA22E0612500F7D926 /* Products */ = {
			isa = PBXGroup;
			children = (
				042284C922E0612500F7D926 /* ChatApp.app */,
			);
			name = Products;
			sourceTree = "<group>";
		};
		042284CB22E0612500F7D926 /* ChatApp */ = {
			isa = PBXGroup;
			children = (
				04C406CD22E07278006574F2 /* classes */,
				04C406CC22E07271006574F2 /* cells */,
				04C406CB22E07268006574F2 /* controllers */,
				042284CC22E0612500F7D926 /* AppDelegate.swift */,
				042284D022E0612500F7D926 /* Main.storyboard */,
				042284D322E0612700F7D926 /* Assets.xcassets */,
				042284D522E0612700F7D926 /* LaunchScreen.storyboard */,
				042284D822E0612700F7D926 /* Info.plist */,
			);
			path = ChatApp;
			sourceTree = "<group>";
		};
		04C406CB22E07268006574F2 /* controllers */ = {
			isa = PBXGroup;
			children = (
				042284CE22E0612500F7D926 /* ViewController.swift */,
				04C406CE22E072BC006574F2 /* VCLogin.swift */,
			);
			name = controllers;
			sourceTree = "<group>";
		};
		04C406CC22E07271006574F2 /* cells */ = {
			isa = PBXGroup;
			children = (
				04C406D222E07329006574F2 /* ChatCell.swift */,
			);
			path = cells;
			sourceTree = "<group>";
		};
		04C406CD22E07278006574F2 /* classes */ = {
			isa = PBXGroup;
			children = (
				04C406D022E072F1006574F2 /* ChatObj.swift */,
			);
			name = classes;
			sourceTree = "<group>";
		};
		71C2B9F37B42307731146F46 /* Frameworks */ = {
			isa = PBXGroup;
			children = (
				5C1FBA30C83B9A6B81AA2F98 /* Pods_ChatApp.framework */,
			);
			name = Frameworks;
			sourceTree = "<group>";
		};
		AD5D3E813D2DF79108F39E0E /* Pods */ = {
			isa = PBXGroup;
			children = (
				5D9D97FDCFA66BB4DFFA2FD2 /* Pods-ChatApp.debug.xcconfig */,
				73D551DA74E6C7C07FDB45AE /* Pods-ChatApp.release.xcconfig */,
			);
			path = Pods;
			sourceTree = "<group>";
		};
/* End PBXGroup section */

/* Begin PBXNativeTarget section */
		042284C822E0612500F7D926 /* ChatApp */ = {
			isa = PBXNativeTarget;
			buildConfigurationList = 042284DB22E0612700F7D926 /* Build configuration list for PBXNativeTarget "ChatApp" */;
			buildPhases = (
				3EC86590DDEC907982A225C5 /* [CP] Check Pods Manifest.lock */,
				042284C522E0612500F7D926 /* Sources */,
				042284C622E0612500F7D926 /* Frameworks */,
				042284C722E0612500F7D926 /* Resources */,
				5C3ADD3E029715E3094821C7 /* [CP] Embed Pods Frameworks */,
			);
			buildRules = (
			);
			dependencies = (
			);
			name = ChatApp;
			productName = ChatApp;
			productReference = 042284C922E0612500F7D926 /* ChatApp.app */;
			productType = "com.apple.product-type.application";
		};
/* End PBXNativeTarget section */

/* Begin PBXProject section */
		042284C122E0612500F7D926 /* Project object */ = {
			isa = PBXProject;
			attributes = {
				LastSwiftUpdateCheck = 1020;
				LastUpgradeCheck = 1020;
				ORGANIZATIONNAME = Mac;
				TargetAttributes = {
					042284C822E0612500F7D926 = {
						CreatedOnToolsVersion = 10.2;
					};
				};
			};
			buildConfigurationList = 042284C422E0612500F7D926 /* Build configuration list for PBXProject "ChatApp" */;
			compatibilityVersion = "Xcode 9.3";
			developmentRegion = en;
			hasScannedForEncodings = 0;
			knownRegions = (
				en,
				Base,
			);
			mainGroup = 042284C022E0612500F7D926;
			productRefGroup = 042284CA22E0612500F7D926 /* Products */;
			projectDirPath = "";
			projectRoot = "";
			targets = (
				042284C822E0612500F7D926 /* ChatApp */,
			);
		};
/* End PBXProject section */

/* Begin PBXResourcesBuildPhase section */
		042284C722E0612500F7D926 /* Resources */ = {
			isa = PBXResourcesBuildPhase;
			buildActionMask = 2147483647;
			files = (
				042284D722E0612700F7D926 /* LaunchScreen.storyboard in Resources */,
				042284D422E0612700F7D926 /* Assets.xcassets in Resources */,
				042284D222E0612500F7D926 /* Main.storyboard in Resources */,
				042284DF22E0619200F7D926 /* GoogleService-Info.plist in Resources */,
			);
			runOnlyForDeploymentPostprocessing = 0;
		};
/* End PBXResourcesBuildPhase section */

/* Begin PBXShellScriptBuildPhase section */
		3EC86590DDEC907982A225C5 /* [CP] Check Pods Manifest.lock */ = {
			isa = PBXShellScriptBuildPhase;
			buildActionMask = 2147483647;
			files = (
			);
			inputFileListPaths = (
			);
			inputPaths = (
				"${PODS_PODFILE_DIR_PATH}/Podfile.lock",
				"${PODS_ROOT}/Manifest.lock",
			);
			name = "[CP] Check Pods Manifest.lock";
			outputFileListPaths = (
			);
			outputPaths = (
				"$(DERIVED_FILE_DIR)/Pods-ChatApp-checkManifestLockResult.txt",
			);
			runOnlyForDeploymentPostprocessing = 0;
			shellPath = /bin/sh;
			shellScript = "diff \"${PODS_PODFILE_DIR_PATH}/Podfile.lock\" \"${PODS_ROOT}/Manifest.lock\" > /dev/null\nif [ $? != 0 ] ; then\n    # print error to STDERR\n    echo \"error: The sandbox is not in sync with the Podfile.lock. Run 'pod install' or update your CocoaPods installation.\" >&2\n    exit 1\nfi\n# This output is used by Xcode 'outputs' to avoid re-running this script phase.\necho \"SUCCESS\" > \"${SCRIPT_OUTPUT_FILE_0}\"\n";
			showEnvVarsInLog = 0;
		};
		5C3ADD3E029715E3094821C7 /* [CP] Embed Pods Frameworks */ = {
			isa = PBXShellScriptBuildPhase;
			buildActionMask = 2147483647;
			files = (
			);
			inputFileListPaths = (
			);
			inputPaths = (
				"${PODS_ROOT}/Target Support Files/Pods-ChatApp/Pods-ChatApp-frameworks.sh",
				"${BUILT_PRODUCTS_DIR}/GTMSessionFetcher/GTMSessionFetcher.framework",
				"${BUILT_PRODUCTS_DIR}/GoogleUtilities/GoogleUtilities.framework",
				"${BUILT_PRODUCTS_DIR}/leveldb-library/leveldb.framework",
				"${BUILT_PRODUCTS_DIR}/nanopb/nanopb.framework",
			);
			name = "[CP] Embed Pods Frameworks";
			outputFileListPaths = (
			);
			outputPaths = (
				"${TARGET_BUILD_DIR}/${FRAMEWORKS_FOLDER_PATH}/GTMSessionFetcher.framework",
				"${TARGET_BUILD_DIR}/${FRAMEWORKS_FOLDER_PATH}/GoogleUtilities.framework",
				"${TARGET_BUILD_DIR}/${FRAMEWORKS_FOLDER_PATH}/leveldb.framework",
				"${TARGET_BUILD_DIR}/${FRAMEWORKS_FOLDER_PATH}/nanopb.framework",
			);
			runOnlyForDeploymentPostprocessing = 0;
			shellPath = /bin/sh;
			shellScript = "\"${PODS_ROOT}/Target Support Files/Pods-ChatApp/Pods-ChatApp-frameworks.sh\"\n";
			showEnvVarsInLog = 0;
		};
/* End PBXShellScriptBuildPhase section */

/* Begin PBXSourcesBuildPhase section */
		042284C522E0612500F7D926 /* Sources */ = {
			isa = PBXSourcesBuildPhase;
			buildActionMask = 2147483647;
			files = (
				042284CF22E0612500F7D926 /* ViewController.swift in Sources */,
				04C406CF22E072BC006574F2 /* VCLogin.swift in Sources */,
				042284CD22E0612500F7D926 /* AppDelegate.swift in Sources */,
				04C406D322E07329006574F2 /* ChatCell.swift in Sources */,
				04C406D122E072F1006574F2 /* ChatObj.swift in Sources */,
			);
			runOnlyForDeploymentPostprocessing = 0;
		};
/* End PBXSourcesBuildPhase section */

/* Begin PBXVariantGroup section */
		042284D022E0612500F7D926 /* Main.storyboard */ = {
			isa = PBXVariantGroup;
			children = (
				042284D122E0612500F7D926 /* Base */,
			);
			name = Main.storyboard;
			sourceTree = "<group>";
		};
		042284D522E0612700F7D926 /* LaunchScreen.storyboard */ = {
			isa = PBXVariantGroup;
			children = (
				042284D622E0612700F7D926 /* Base */,
			);
			name = LaunchScreen.storyboard;
			sourceTree = "<group>";
		};
/* End PBXVariantGroup section */

/* Begin XCBuildConfiguration section */
		042284D922E0612700F7D926 /* Debug */ = {
			isa = XCBuildConfiguration;
			buildSettings = {
				ALWAYS_SEARCH_USER_PATHS = NO;
				CLANG_ANALYZER_NONNULL = YES;
				CLANG_ANALYZER_NUMBER_OBJECT_CONVERSION = YES_AGGRESSIVE;
				CLANG_CXX_LANGUAGE_STANDARD = "gnu++14";
				CLANG_CXX_LIBRARY = "libc++";
				CLANG_ENABLE_MODULES = YES;
				CLANG_ENABLE_OBJC_ARC = YES;
				CLANG_ENABLE_OBJC_WEAK = YES;
				CLANG_WARN_BLOCK_CAPTURE_AUTORELEASING = YES;
				CLANG_WARN_BOOL_CONVERSION = YES;
				CLANG_WARN_COMMA = YES;
				CLANG_WARN_CONSTANT_CONVERSION = YES;
				CLANG_WARN_DEPRECATED_OBJC_IMPLEMENTATIONS = YES;
				CLANG_WARN_DIRECT_OBJC_ISA_USAGE = YES_ERROR;
				CLANG_WARN_DOCUMENTATION_COMMENTS = YES;
				CLANG_WARN_EMPTY_BODY = YES;
				CLANG_WARN_ENUM_CONVERSION = YES;
				CLANG_WARN_INFINITE_RECURSION = YES;
				CLANG_WARN_INT_CONVERSION = YES;
				CLANG_WARN_NON_LITERAL_NULL_CONVERSION = YES;
				CLANG_WARN_OBJC_IMPLICIT_RETAIN_SELF = YES;
				CLANG_WARN_OBJC_LITERAL_CONVERSION = YES;
				CLANG_WARN_OBJC_ROOT_CLASS = YES_ERROR;
				CLANG_WARN_RANGE_LOOP_ANALYSIS = YES;
				CLANG_WARN_STRICT_PROTOTYPES = YES;
				CLANG_WARN_SUSPICIOUS_MOVE = YES;
				CLANG_WARN_UNGUARDED_AVAILABILITY = YES_AGGRESSIVE;
				CLANG_WARN_UNREACHABLE_CODE = YES;
				CLANG_WARN__DUPLICATE_METHOD_MATCH = YES;
				CODE_SIGN_IDENTITY = "iPhone Developer";
				COPY_PHASE_STRIP = NO;
				DEBUG_INFORMATION_FORMAT = dwarf;
				ENABLE_STRICT_OBJC_MSGSEND = YES;
				ENABLE_TESTABILITY = YES;
				GCC_C_LANGUAGE_STANDARD = gnu11;
				GCC_DYNAMIC_NO_PIC = NO;
				GCC_NO_COMMON_BLOCKS = YES;
				GCC_OPTIMIZATION_LEVEL = 0;
				GCC_PREPROCESSOR_DEFINITIONS = (
					"DEBUG=1",
					"$(inherited)",
				);
				GCC_WARN_64_TO_32_BIT_CONVERSION = YES;
				GCC_WARN_ABOUT_RETURN_TYPE = YES_ERROR;
				GCC_WARN_UNDECLARED_SELECTOR = YES;
				GCC_WARN_UNINITIALIZED_AUTOS = YES_AGGRESSIVE;
				GCC_WARN_UNUSED_FUNCTION = YES;
				GCC_WARN_UNUSED_VARIABLE = YES;
				IPHONEOS_DEPLOYMENT_TARGET = 12.2;
				MTL_ENABLE_DEBUG_INFO = INCLUDE_SOURCE;
				MTL_FAST_MATH = YES;
				ONLY_ACTIVE_ARCH = YES;
				SDKROOT = iphoneos;
				SWIFT_ACTIVE_COMPILATION_CONDITIONS = DEBUG;
				SWIFT_OPTIMIZATION_LEVEL = "-Onone";
			};
			name = Debug;
		};
		042284DA22E0612700F7D926 /* Release */ = {
			isa = XCBuildConfiguration;
			buildSettings = {
				ALWAYS_SEARCH_USER_PATHS = NO;
				CLANG_ANALYZER_NONNULL = YES;
				CLANG_ANALYZER_NUMBER_OBJECT_CONVERSION = YES_AGGRESSIVE;
				CLANG_CXX_LANGUAGE_STANDARD = "gnu++14";
				CLANG_CXX_LIBRARY = "libc++";
				CLANG_ENABLE_MODULES = YES;
				CLANG_ENABLE_OBJC_ARC = YES;
				CLANG_ENABLE_OBJC_WEAK = YES;
				CLANG_WARN_BLOCK_CAPTURE_AUTORELEASING = YES;
				CLANG_WARN_BOOL_CONVERSION = YES;
				CLANG_WARN_COMMA = YES;
				CLANG_WARN_CONSTANT_CONVERSION = YES;
				CLANG_WARN_DEPRECATED_OBJC_IMPLEMENTATIONS = YES;
				CLANG_WARN_DIRECT_OBJC_ISA_USAGE = YES_ERROR;
				CLANG_WARN_DOCUMENTATION_COMMENTS = YES;
				CLANG_WARN_EMPTY_BODY = YES;
				CLANG_WARN_ENUM_CONVERSION = YES;
				CLANG_WARN_INFINITE_RECURSION = YES;
				CLANG_WARN_INT_CONVERSION = YES;
				CLANG_WARN_NON_LITERAL_NULL_CONVERSION = YES;
				CLANG_WARN_OBJC_IMPLICIT_RETAIN_SELF = YES;
				CLANG_WARN_OBJC_LITERAL_CONVERSION = YES;
				CLANG_WARN_OBJC_ROOT_CLASS = YES_ERROR;
				CLANG_WARN_RANGE_LOOP_ANALYSIS = YES;
				CLANG_WARN_STRICT_PROTOTYPES = YES;
				CLANG_WARN_SUSPICIOUS_MOVE = YES;
				CLANG_WARN_UNGUARDED_AVAILABILITY = YES_AGGRESSIVE;
				CLANG_WARN_UNREACHABLE_CODE = YES;
				CLANG_WARN__DUPLICATE_METHOD_MATCH = YES;
				CODE_SIGN_IDENTITY = "iPhone Developer";
				COPY_PHASE_STRIP = NO;
				DEBUG_INFORMATION_FORMAT = "dwarf-with-dsym";
				ENABLE_NS_ASSERTIONS = NO;
				ENABLE_STRICT_OBJC_MSGSEND = YES;
				GCC_C_LANGUAGE_STANDARD = gnu11;
				GCC_NO_COMMON_BLOCKS = YES;
				GCC_WARN_64_TO_32_BIT_CONVERSION = YES;
				GCC_WARN_ABOUT_RETURN_TYPE = YES_ERROR;
				GCC_WARN_UNDECLARED_SELECTOR = YES;
				GCC_WARN_UNINITIALIZED_AUTOS = YES_AGGRESSIVE;
				GCC_WARN_UNUSED_FUNCTION = YES;
				GCC_WARN_UNUSED_VARIABLE = YES;
				IPHONEOS_DEPLOYMENT_TARGET = 12.2;
				MTL_ENABLE_DEBUG_INFO = NO;
				MTL_FAST_MATH = YES;
				SDKROOT = iphoneos;
				SWIFT_COMPILATION_MODE = wholemodule;
				SWIFT_OPTIMIZATION_LEVEL = "-O";
				VALIDATE_PRODUCT = YES;
			};
			name = Release;
		};
		042284DC22E0612700F7D926 /* Debug */ = {
			isa = XCBuildConfiguration;
			baseConfigurationReference = 5D9D97FDCFA66BB4DFFA2FD2 /* Pods-ChatApp.debug.xcconfig */;
			buildSettings = {
				ASSETCATALOG_COMPILER_APPICON_NAME = AppIcon;
				CODE_SIGN_STYLE = Automatic;
				INFOPLIST_FILE = ChatApp/Info.plist;
				LD_RUNPATH_SEARCH_PATHS = (
					"$(inherited)",
					"@executable_path/Frameworks",
				);
				PRODUCT_BUNDLE_IDENTIFIER = eman.ChatApp;
				PRODUCT_NAME = "$(TARGET_NAME)";
				SWIFT_VERSION = 5.0;
				TARGETED_DEVICE_FAMILY = "1,2";
			};
			name = Debug;
		};
		042284DD22E0612700F7D926 /* Release */ = {
			isa = XCBuildConfiguration;
			baseConfigurationReference = 73D551DA74E6C7C07FDB45AE /* Pods-ChatApp.release.xcconfig */;
			buildSettings = {
				ASSETCATALOG_COMPILER_APPICON_NAME = AppIcon;
				CODE_SIGN_STYLE = Automatic;
				INFOPLIST_FILE = ChatApp/Info.plist;
				LD_RUNPATH_SEARCH_PATHS = (
					"$(inherited)",
					"@executable_path/Frameworks",
				);
				PRODUCT_BUNDLE_IDENTIFIER = eman.ChatApp;
				PRODUCT_NAME = "$(TARGET_NAME)";
				SWIFT_VERSION = 5.0;
				TARGETED_DEVICE_FAMILY = "1,2";
			};
			name = Release;
		};
/* End XCBuildConfiguration section */

/* Begin XCConfigurationList section */
		042284C422E0612500F7D926 /* Build configuration list for PBXProject "ChatApp" */ = {
			isa = XCConfigurationList;
			buildConfigurations = (
				042284D922E0612700F7D926 /* Debug */,
				042284DA22E0612700F7D926 /* Release */,
			);
			defaultConfigurationIsVisible = 0;
			defaultConfigurationName = Release;
		};
		042284DB22E0612700F7D926 /* Build configuration list for PBXNativeTarget "ChatApp" */ = {
			isa = XCConfigurationList;
			buildConfigurations = (
				042284DC22E0612700F7D926 /* Debug */,
				042284DD22E0612700F7D926 /* Release */,
			);
			defaultConfigurationIsVisible = 0;
			defaultConfigurationName = Release;
		};
/* End XCConfigurationList section */
	};
	rootObject = 042284C122E0612500F7D926 /* Project object */;
}
